
Microsoft Visual Studio Solution File, Format Version 12.00
# Visual Studio 2012
Project("{FAE04EC0-301F-11D3-BF4B-00C04F79EFBC}") = "MyBlog", "MyBlog\MyBlog.csproj", "{CEC638D2-EBAE-426B-9E26-BE0054B0E5D0}"
EndProject
Global
	GlobalSection(SolutionConfigurationPlatforms) = preSolution
		Debug|Any CPU = Debug|Any CPU
		Release|Any CPU = Release|Any CPU
	EndGlobalSection
	GlobalSection(ProjectConfigurationPlatforms) = postSolution
		{CEC638D2-EBAE-426B-9E26-BE0054B0E5D0}.Debug|Any CPU.ActiveCfg = Debug|Any CPU
		{CEC638D2-EBAE-426B-9E26-BE0054B0E5D0}.Debug|Any CPU.Build.0 = Debug|Any CPU
		{CEC638D2-EBAE-426B-9E26-BE0054B0E5D0}.Release|Any CPU.ActiveCfg = Release|Any CPU
		{CEC638D2-EBAE-426B-9E26-BE0054B0E5D0}.Release|Any CPU.Build.0 = Release|Any CPU
	EndGlobalSection
	GlobalSection(SolutionProperties) = preSolution
		HideSolutionNode = FALSE
	EndGlobalSection
EndGlobal
